PODS:
  - AFNetworking (3.2.1):
    - AFNetworking/NSURLSession (= 3.2.1)
    - AFNetworking/Reachability (= 3.2.1)
    - AFNetworking/Security (= 3.2.1)
    - AFNetworking/Serialization (= 3.2.1)
    - AFNetworking/UIKit (= 3.2.1)
  - AFNetworking/NSURLSession (3.2.1):
    - AFNetworking/Reachability
    - AFNetworking/Security
    - AFNetworking/Serialization
  - AFNetworking/Reachability (3.2.1)
  - AFNetworking/Security (3.2.1)
  - AFNetworking/Serialization (3.2.1)
  - AFNetworking/UIKit (3.2.1):
    - AFNetworking/NSURLSession
  - CTMediator (28)
  - FFAPIs (0.1.4):
    - AFNetworking (~> 3.2.1)
    - FFAPIs/APIs (= 0.1.4)
  - FFAPIs/APIs (0.1.4):
    - AFNetworking (~> 3.2.1)
  - FFSpecialKit_Category (0.1.0):
    - CTMediator
    - FFAPIs

DEPENDENCIES:
  - FFAPIs
  - FFSpecialKit_Category (from `../`)

SPEC REPOS:
  https://github.com/BJComponent/BJSpecs.git:
    - FFAPIs
  https://github.com/CocoaPods/Specs.git:
    - AFNetworking
    - CTMediator

EXTERNAL SOURCES:
  FFSpecialKit_Category:
    :path: "../"

SPEC CHECKSUMS:
  AFNetworking: b6f891fdfaed196b46c7a83cf209e09697b94057
  CTMediator: 6a05e9f1098b2d2fbc9d19cc7f28e94c3a08b5d2
  FFAPIs: dff1f870e9a245233372062115dcfdac942537d3
  FFSpecialKit_Category: fcf5aa5981cd8207423130f34186f1fec09301c2

PODFILE CHECKSUM: 2a92362d25c021cab1bb76ecaf7e669f3e8d4e6b

COCOAPODS: 1.10.0
